
Microsoft Visual Studio Solution File, Format Version 12.00
# Visual Studio Version 17
VisualStudioVersion = 17.5.33530.505
MinimumVisualStudioVersion = 10.0.40219.1
Project("{FAE04EC0-301F-11D3-BF4B-00C04F79EFBC}") = "MagicVilla_API", "MagicVilla_API\MagicVilla_API.csproj", "{9F6DFC91-9718-4BF6-9EB2-A40DC5679149}"
EndProject
Global
	GlobalSection(SolutionConfigurationPlatforms) = preSolution
		Debug|Any CPU = Debug|Any CPU
		Release|Any CPU = Release|Any CPU
	EndGlobalSection
	GlobalSection(ProjectConfigurationPlatforms) = postSolution
		{9F6DFC91-9718-4BF6-9EB2-A40DC5679149}.Debug|Any CPU.ActiveCfg = Debug|Any CPU
		{9F6DFC91-9718-4BF6-9EB2-A40DC5679149}.Debug|Any CPU.Build.0 = Debug|Any CPU
		{9F6DFC91-9718-4BF6-9EB2-A40DC5679149}.Release|Any CPU.ActiveCfg = Release|Any CPU
		{9F6DFC91-9718-4BF6-9EB2-A40DC5679149}.Release|Any CPU.Build.0 = Release|Any CPU
	EndGlobalSection
	GlobalSection(SolutionProperties) = preSolution
		HideSolutionNode = FALSE
	EndGlobalSection
	GlobalSection(ExtensibilityGlobals) = postSolution
		SolutionGuid = {17D2F0E5-4D9C-4C66-8428-A3F9E3820D66}
	EndGlobalSection
EndGlobal
